
Microsoft Visual Studio Solution File, Format Version 12.00
# Visual Studio Version 16
VisualStudioVersion = 16.0.31229.75
MinimumVisualStudioVersion = 10.0.40219.1
Project("{FAE04EC0-301F-11D3-BF4B-00C04F79EFBC}") = "shapezAnalyzer", "shapezAnalyzer\shapezAnalyzer.csproj", "{1123BB3A-F74B-43D7-9BFF-5C374D0CA55E}"
EndProject
Global
	GlobalSection(SolutionConfigurationPlatforms) = preSolution
		Debug|Any CPU = Debug|Any CPU
		Release|Any CPU = Release|Any CPU
	EndGlobalSection
	GlobalSection(ProjectConfigurationPlatforms) = postSolution
		{1123BB3A-F74B-43D7-9BFF-5C374D0CA55E}.Debug|Any CPU.ActiveCfg = Debug|Any CPU
		{1123BB3A-F74B-43D7-9BFF-5C374D0CA55E}.Debug|Any CPU.Build.0 = Debug|Any CPU
		{1123BB3A-F74B-43D7-9BFF-5C374D0CA55E}.Release|Any CPU.ActiveCfg = Release|Any CPU
		{1123BB3A-F74B-43D7-9BFF-5C374D0CA55E}.Release|Any CPU.Build.0 = Release|Any CPU
	EndGlobalSection
	GlobalSection(SolutionProperties) = preSolution
		HideSolutionNode = FALSE
	EndGlobalSection
	GlobalSection(ExtensibilityGlobals) = postSolution
		SolutionGuid = {161251A1-151A-44A7-85FA-EB3F7584DF14}
	EndGlobalSection
EndGlobal
